STORAGE: NONE
RESTRICTION: || (== net8.0) (== netstandard2.1)
NUGET
  remote: https://api.nuget.org/v3/index.json
    Expecto (10.2.3)
      FSharp.Core (>= 7.0.200) - restriction: || (== net8.0) (&& (== netstandard2.1) (>= net6.0))
      Mono.Cecil (>= 0.11.4 < 1.0) - restriction: || (== net8.0) (&& (== netstandard2.1) (>= net6.0))
    Fable.Core (5.0)
      FSharp.Core (>= 4.7.2)
    Fable.Mocha (2.17)
      Fable.Core (>= 3.0)
      FSharp.Core (>= 4.7)
    FSharp.Core (10.1.300)
    Microsoft.Bcl.AsyncInterfaces (10.0.8) - restriction: || (&& (== net8.0) (>= net462)) (== netstandard2.1)
    Mono.Cecil (0.11.4) - restriction: || (== net8.0) (&& (== netstandard2.1) (>= net6.0))
    System.Buffers (4.6.1) - restriction: || (&& (== net8.0) (>= net462)) (== netstandard2.1)
    System.IO.Pipelines (10.0.8)
      System.Buffers (>= 4.6.1) - restriction: || (&& (== net8.0) (>= net462)) (== netstandard2.1)
      System.Memory (>= 4.6.3) - restriction: || (&& (== net8.0) (>= net462)) (== netstandard2.1)
      System.Threading.Tasks.Extensions (>= 4.6.3) - restriction: || (&& (== net8.0) (>= net462)) (== netstandard2.1)
    System.Memory (4.6.3) - restriction: || (&& (== net8.0) (>= net462)) (== netstandard2.1)
    System.Runtime.CompilerServices.Unsafe (6.1.2) - restriction: || (&& (== net8.0) (>= net462)) (== netstandard2.1)
    System.Text.Encodings.Web (10.0.8)
      System.Buffers (>= 4.6.1) - restriction: || (&& (== net8.0) (>= net462)) (== netstandard2.1)
      System.Memory (>= 4.6.3) - restriction: || (&& (== net8.0) (>= net462)) (== netstandard2.1)
      System.Runtime.CompilerServices.Unsafe (>= 6.1.2) - restriction: || (&& (== net8.0) (>= net462)) (== netstandard2.1)
    System.Text.Json (10.0.8)
      Microsoft.Bcl.AsyncInterfaces (>= 10.0.8) - restriction: || (&& (== net8.0) (>= net462)) (== netstandard2.1)
      System.Buffers (>= 4.6.1) - restriction: || (&& (== net8.0) (>= net462)) (== netstandard2.1)
      System.IO.Pipelines (>= 10.0.8)
      System.Memory (>= 4.6.3) - restriction: || (&& (== net8.0) (>= net462)) (== netstandard2.1)
      System.Runtime.CompilerServices.Unsafe (>= 6.1.2) - restriction: || (&& (== net8.0) (>= net462)) (== netstandard2.1)
      System.Text.Encodings.Web (>= 10.0.8)
      System.Threading.Tasks.Extensions (>= 4.6.3) - restriction: || (&& (== net8.0) (>= net462)) (== netstandard2.1)
    System.Threading.Tasks.Extensions (4.6.3) - restriction: || (&& (== net8.0) (>= net462)) (== netstandard2.1)
    Thoth.Json.Core (0.9.1)
      FSharp.Core (>= 10.1.203)
    Thoth.Json.Core.Auto (0.1.1)
      Fable.Core (>= 5.0)
      FSharp.Core (>= 10.1.203)
      Thoth.Json.Core (>= 0.9.1)
    Thoth.Json.JavaScript (0.5)
      Fable.Core (>= 5.0)
      FSharp.Core (>= 10.1.203)
      Thoth.Json.Core (>= 0.9)
    Thoth.Json.System.Text.Json (0.4)
      FSharp.Core (>= 10.1.203)
      System.Text.Json (>= 9.0)
      Thoth.Json.Core (>= 0.9.1)
